
Microsoft Visual Studio Solution File, Format Version 12.00
# Visual Studio Version 17
VisualStudioVersion = 17.6.33829.357
MinimumVisualStudioVersion = 10.0.40219.1
Project("{9A19103F-16F7-4668-BE54-9A1E7A4F7556}") = "MyCaseApi", "MyCaseApi.csproj", "{C00DB414-D2CA-430D-A543-8C6872B6FA66}"
EndProject
Global
	GlobalSection(SolutionConfigurationPlatforms) = preSolution
		Debug|Any CPU = Debug|Any CPU
		Release|Any CPU = Release|Any CPU
	EndGlobalSection
	GlobalSection(ProjectConfigurationPlatforms) = postSolution
		{C00DB414-D2CA-430D-A543-8C6872B6FA66}.Debug|Any CPU.ActiveCfg = Debug|Any CPU
		{C00DB414-D2CA-430D-A543-8C6872B6FA66}.Debug|Any CPU.Build.0 = Debug|Any CPU
		{C00DB414-D2CA-430D-A543-8C6872B6FA66}.Release|Any CPU.ActiveCfg = Release|Any CPU
		{C00DB414-D2CA-430D-A543-8C6872B6FA66}.Release|Any CPU.Build.0 = Release|Any CPU
	EndGlobalSection
	GlobalSection(SolutionProperties) = preSolution
		HideSolutionNode = FALSE
	EndGlobalSection
	GlobalSection(ExtensibilityGlobals) = postSolution
		SolutionGuid = {674AEF86-99C2-4EE5-B652-3440C11527A1}
	EndGlobalSection
EndGlobal
